
Microsoft Visual Studio Solution File, Format Version 9.00
# Visual Studio 2005
Project("{8BC9CEB8-8B4A-11D0-8D11-00A0C91BC942}") = "icmp", "icmp\icmp.vcproj", "{FB897F87-4E80-480B-A121-4D16AF6CFCDA}"
EndProject
Global
	GlobalSection(SolutionConfigurationPlatforms) = preSolution
		Debug|Win32 = Debug|Win32
		Release|Win32 = Release|Win32
	EndGlobalSection
	GlobalSection(ProjectConfigurationPlatforms) = postSolution
		{FB897F87-4E80-480B-A121-4D16AF6CFCDA}.Debug|Win32.ActiveCfg = Debug|Win32
		{FB897F87-4E80-480B-A121-4D16AF6CFCDA}.Debug|Win32.Build.0 = Debug|Win32
		{FB897F87-4E80-480B-A121-4D16AF6CFCDA}.Release|Win32.ActiveCfg = Release|Win32
		{FB897F87-4E80-480B-A121-4D16AF6CFCDA}.Release|Win32.Build.0 = Release|Win32
	EndGlobalSection
	GlobalSection(SolutionProperties) = preSolution
		HideSolutionNode = FALSE
	EndGlobalSection
EndGlobal
